
Microsoft Visual Studio Solution File, Format Version 12.00
# Visual Studio Version 17
VisualStudioVersion = 17.0.31903.59
MinimumVisualStudioVersion = 10.0.40219.1
Project("{FAE04EC0-301F-11D3-BF4B-00C04F79EFBC}") = "Aura.Api", "Aura.Api\Aura.Api.csproj", "{FDD794B5-6880-43A3-BA1C-C079C16AAA0D}"
EndProject
Project("{FAE04EC0-301F-11D3-BF4B-00C04F79EFBC}") = "Aura.Core", "Aura.Core\Aura.Core.csproj", "{77BBDBDA-AEBA-4CED-86EE-5D2A1EB39853}"
EndProject
Project("{FAE04EC0-301F-11D3-BF4B-00C04F79EFBC}") = "Aura.Data", "Aura.Data\Aura.Data.csproj", "{9A0D9C70-F374-46EF-B520-DA0B1E335683}"
EndProject
Project("{FAE04EC0-301F-11D3-BF4B-00C04F79EFBC}") = "Aura.Tests.Unit", "Aura.Tests.Unit\Aura.Tests.Unit.csproj", "{DF730912-5DFE-46F1-B405-8DCB811A78AD}"
EndProject
Global
	GlobalSection(SolutionConfigurationPlatforms) = preSolution
		Debug|Any CPU = Debug|Any CPU
		Debug|x64 = Debug|x64
		Debug|x86 = Debug|x86
		Release|Any CPU = Release|Any CPU
		Release|x64 = Release|x64
		Release|x86 = Release|x86
	EndGlobalSection
	GlobalSection(ProjectConfigurationPlatforms) = postSolution
		{FDD794B5-6880-43A3-BA1C-C079C16AAA0D}.Debug|Any CPU.ActiveCfg = Debug|Any CPU
		{FDD794B5-6880-43A3-BA1C-C079C16AAA0D}.Debug|Any CPU.Build.0 = Debug|Any CPU
		{FDD794B5-6880-43A3-BA1C-C079C16AAA0D}.Debug|x64.ActiveCfg = Debug|Any CPU
		{FDD794B5-6880-43A3-BA1C-C079C16AAA0D}.Debug|x64.Build.0 = Debug|Any CPU
		{FDD794B5-6880-43A3-BA1C-C079C16AAA0D}.Debug|x86.ActiveCfg = Debug|Any CPU
		{FDD794B5-6880-43A3-BA1C-C079C16AAA0D}.Debug|x86.Build.0 = Debug|Any CPU
		{FDD794B5-6880-43A3-BA1C-C079C16AAA0D}.Release|Any CPU.ActiveCfg = Release|Any CPU
		{FDD794B5-6880-43A3-BA1C-C079C16AAA0D}.Release|Any CPU.Build.0 = Release|Any CPU
		{FDD794B5-6880-43A3-BA1C-C079C16AAA0D}.Release|x64.ActiveCfg = Release|Any CPU
		{FDD794B5-6880-43A3-BA1C-C079C16AAA0D}.Release|x64.Build.0 = Release|Any CPU
		{FDD794B5-6880-43A3-BA1C-C079C16AAA0D}.Release|x86.ActiveCfg = Release|Any CPU
		{FDD794B5-6880-43A3-BA1C-C079C16AAA0D}.Release|x86.Build.0 = Release|Any CPU
		{77BBDBDA-AEBA-4CED-86EE-5D2A1EB39853}.Debug|Any CPU.ActiveCfg = Debug|Any CPU
		{77BBDBDA-AEBA-4CED-86EE-5D2A1EB39853}.Debug|Any CPU.Build.0 = Debug|Any CPU
		{77BBDBDA-AEBA-4CED-86EE-5D2A1EB39853}.Debug|x64.ActiveCfg = Debug|Any CPU
		{77BBDBDA-AEBA-4CED-86EE-5D2A1EB39853}.Debug|x64.Build.0 = Debug|Any CPU
		{77BBDBDA-AEBA-4CED-86EE-5D2A1EB39853}.Debug|x86.ActiveCfg = Debug|Any CPU
		{77BBDBDA-AEBA-4CED-86EE-5D2A1EB39853}.Debug|x86.Build.0 = Debug|Any CPU
		{77BBDBDA-AEBA-4CED-86EE-5D2A1EB39853}.Release|Any CPU.ActiveCfg = Release|Any CPU
		{77BBDBDA-AEBA-4CED-86EE-5D2A1EB39853}.Release|Any CPU.Build.0 = Release|Any CPU
		{77BBDBDA-AEBA-4CED-86EE-5D2A1EB39853}.Release|x64.ActiveCfg = Release|Any CPU
		{77BBDBDA-AEBA-4CED-86EE-5D2A1EB39853}.Release|x64.Build.0 = Release|Any CPU
		{77BBDBDA-AEBA-4CED-86EE-5D2A1EB39853}.Release|x86.ActiveCfg = Release|Any CPU
		{77BBDBDA-AEBA-4CED-86EE-5D2A1EB39853}.Release|x86.Build.0 = Release|Any CPU
		{9A0D9C70-F374-46EF-B520-DA0B1E335683}.Debug|Any CPU.ActiveCfg = Debug|Any CPU
		{9A0D9C70-F374-46EF-B520-DA0B1E335683}.Debug|Any CPU.Build.0 = Debug|Any CPU
		{9A0D9C70-F374-46EF-B520-DA0B1E335683}.Debug|x64.ActiveCfg = Debug|Any CPU
		{9A0D9C70-F374-46EF-B520-DA0B1E335683}.Debug|x64.Build.0 = Debug|Any CPU
		{9A0D9C70-F374-46EF-B520-DA0B1E335683}.Debug|x86.ActiveCfg = Debug|Any CPU
		{9A0D9C70-F374-46EF-B520-DA0B1E335683}.Debug|x86.Build.0 = Debug|Any CPU
		{9A0D9C70-F374-46EF-B520-DA0B1E335683}.Release|Any CPU.ActiveCfg = Release|Any CPU
		{9A0D9C70-F374-46EF-B520-DA0B1E335683}.Release|Any CPU.Build.0 = Release|Any CPU
		{9A0D9C70-F374-46EF-B520-DA0B1E335683}.Release|x64.ActiveCfg = Release|Any CPU
		{9A0D9C70-F374-46EF-B520-DA0B1E335683}.Release|x64.Build.0 = Release|Any CPU
		{9A0D9C70-F374-46EF-B520-DA0B1E335683}.Release|x86.ActiveCfg = Release|Any CPU
		{9A0D9C70-F374-46EF-B520-DA0B1E335683}.Release|x86.Build.0 = Release|Any CPU
		{DF730912-5DFE-46F1-B405-8DCB811A78AD}.Debug|Any CPU.ActiveCfg = Debug|Any CPU
		{DF730912-5DFE-46F1-B405-8DCB811A78AD}.Debug|Any CPU.Build.0 = Debug|Any CPU
		{DF730912-5DFE-46F1-B405-8DCB811A78AD}.Debug|x64.ActiveCfg = Debug|Any CPU
		{DF730912-5DFE-46F1-B405-8DCB811A78AD}.Debug|x64.Build.0 = Debug|Any CPU
		{DF730912-5DFE-46F1-B405-8DCB811A78AD}.Debug|x86.ActiveCfg = Debug|Any CPU
		{DF730912-5DFE-46F1-B405-8DCB811A78AD}.Debug|x86.Build.0 = Debug|Any CPU
		{DF730912-5DFE-46F1-B405-8DCB811A78AD}.Release|Any CPU.ActiveCfg = Release|Any CPU
		{DF730912-5DFE-46F1-B405-8DCB811A78AD}.Release|Any CPU.Build.0 = Release|Any CPU
		{DF730912-5DFE-46F1-B405-8DCB811A78AD}.Release|x64.ActiveCfg = Release|Any CPU
		{DF730912-5DFE-46F1-B405-8DCB811A78AD}.Release|x64.Build.0 = Release|Any CPU
		{DF730912-5DFE-46F1-B405-8DCB811A78AD}.Release|x86.ActiveCfg = Release|Any CPU
		{DF730912-5DFE-46F1-B405-8DCB811A78AD}.Release|x86.Build.0 = Release|Any CPU
	EndGlobalSection
	GlobalSection(SolutionProperties) = preSolution
		HideSolutionNode = FALSE
	EndGlobalSection
EndGlobal
